
Microsoft Visual Studio Solution File, Format Version 12.00
# Visual Studio Version 17
VisualStudioVersion = 17.1.32421.90
MinimumVisualStudioVersion = 10.0.40219.1
Project("{9A19103F-16F7-4668-BE54-9A1E7A4F7556}") = "COIS", "COIS\COIS.csproj", "{BE6F3C20-7D81-4A24-8C76-97BB2D0790B8}"
EndProject
Project("{9A19103F-16F7-4668-BE54-9A1E7A4F7556}") = "coisWebApp", "coisWebApp\coisWebApp.csproj", "{A1F3A3E4-9324-493E-9E42-24E951D1A9CE}"
EndProject
Project("{9A19103F-16F7-4668-BE54-9A1E7A4F7556}") = "COISWebApi", "COISWebApi\COISWebApi.csproj", "{18D6EE29-F712-42F3-9C04-2E159F3E9FAC}"
EndProject
Project("{FAE04EC0-301F-11D3-BF4B-00C04F79EFBC}") = "PrintingEngine", "PrintingEngine\PrintingEngine.csproj", "{02E56F51-D6F0-4E8E-A7A4-45C224D419D8}"
EndProject
Global
	GlobalSection(SolutionConfigurationPlatforms) = preSolution
		Debug|Any CPU = Debug|Any CPU
		Release|Any CPU = Release|Any CPU
	EndGlobalSection
	GlobalSection(ProjectConfigurationPlatforms) = postSolution
		{BE6F3C20-7D81-4A24-8C76-97BB2D0790B8}.Debug|Any CPU.ActiveCfg = Debug|Any CPU
		{BE6F3C20-7D81-4A24-8C76-97BB2D0790B8}.Debug|Any CPU.Build.0 = Debug|Any CPU
		{BE6F3C20-7D81-4A24-8C76-97BB2D0790B8}.Release|Any CPU.ActiveCfg = Release|Any CPU
		{BE6F3C20-7D81-4A24-8C76-97BB2D0790B8}.Release|Any CPU.Build.0 = Release|Any CPU
		{A1F3A3E4-9324-493E-9E42-24E951D1A9CE}.Debug|Any CPU.ActiveCfg = Debug|Any CPU
		{A1F3A3E4-9324-493E-9E42-24E951D1A9CE}.Debug|Any CPU.Build.0 = Debug|Any CPU
		{A1F3A3E4-9324-493E-9E42-24E951D1A9CE}.Release|Any CPU.ActiveCfg = Release|Any CPU
		{A1F3A3E4-9324-493E-9E42-24E951D1A9CE}.Release|Any CPU.Build.0 = Release|Any CPU
		{18D6EE29-F712-42F3-9C04-2E159F3E9FAC}.Debug|Any CPU.ActiveCfg = Debug|Any CPU
		{18D6EE29-F712-42F3-9C04-2E159F3E9FAC}.Debug|Any CPU.Build.0 = Debug|Any CPU
		{18D6EE29-F712-42F3-9C04-2E159F3E9FAC}.Release|Any CPU.ActiveCfg = Release|Any CPU
		{18D6EE29-F712-42F3-9C04-2E159F3E9FAC}.Release|Any CPU.Build.0 = Release|Any CPU
		{02E56F51-D6F0-4E8E-A7A4-45C224D419D8}.Debug|Any CPU.ActiveCfg = Debug|Any CPU
		{02E56F51-D6F0-4E8E-A7A4-45C224D419D8}.Debug|Any CPU.Build.0 = Debug|Any CPU
		{02E56F51-D6F0-4E8E-A7A4-45C224D419D8}.Release|Any CPU.ActiveCfg = Release|Any CPU
		{02E56F51-D6F0-4E8E-A7A4-45C224D419D8}.Release|Any CPU.Build.0 = Release|Any CPU
	EndGlobalSection
	GlobalSection(SolutionProperties) = preSolution
		HideSolutionNode = FALSE
	EndGlobalSection
	GlobalSection(ExtensibilityGlobals) = postSolution
		SolutionGuid = {C263CAAD-5C71-43B0-971C-F32A7615AA47}
	EndGlobalSection
EndGlobal
